// !$*UTF8*$!
{
	archiveVersion = 1;
	classes = {
	};
	objectVersion = 56;
	objects = {

/* Begin PBXBuildFile section */
		CEF3569C2CBBE0CA0098C0E3 /* firstApp.swift in Sources */ = {isa = PBXBuildFile; fileRef = CEF3569B2CBBE0CA0098C0E3 /* firstApp.swift */; };
		CEF3569E2CBBE0CA0098C0E3 /* ContentView.swift in Sources */ = {isa = PBXBuildFile; fileRef = CEF3569D2CBBE0CA0098C0E3 /* ContentView.swift */; };
		CEF356A02CBBE0CD0098C0E3 /* Assetss.xcassets in Resources */ = {isa = PBXBuildFile; fileRef = CEF3569F2CBBE0CD0098C0E3 /* Assetss.xcassets */; };
		CEF356A42CBBE0CD0098C0E3 /* Preview Assetss.xcassets in Resources */ = {isa = PBXBuildFile; fileRef = CEF356A32CBBE0CD0098C0E3 /* Preview Assetss.xcassets */; };
		CEF356AE2CBBE0CD0098C0E3 /* firstTests.swift in Sources */ = {isa = PBXBuildFile; fileRef = CEF356AD2CBBE0CD0098C0E3 /* firstTests.swift */; };
		CEF356B82CBBE0CE0098C0E3 /* firstUITests.swift in Sources */ = {isa = PBXBuildFile; fileRef = CEF356B72CBBE0CE0098C0E3 /* firstUITests.swift */; };
		CEF356BA2CBBE0CE0098C0E3 /* firstUITestsLaunchTests.swift in Sources */ = {isa = PBXBuildFile; fileRef = CEF356B92CBBE0CE0098C0E3 /* firstUITestsLaunchTests.swift */; };
/* End PBXBuildFile section */

/* Begin PBXContainerItemProxy section */
		CEF356AA2CBBE0CD0098C0E3 /* PBXContainerItemProxy */ = {
			isa = PBXContainerItemProxy;
			containerPortal = CEF356902CBBE0C90098C0E3 /* Project object */;
			proxyType = 1;
			remoteGlobalIDString = CEF356972CBBE0C90098C0E3;
			remoteInfo = first;
		};
		CEF356B42CBBE0CE0098C0E3 /* PBXContainerItemProxy */ = {
			isa = PBXContainerItemProxy;
			containerPortal = CEF356902CBBE0C90098C0E3 /* Project object */;
			proxyType = 1;
			remoteGlobalIDString = CEF356972CBBE0C90098C0E3;
			remoteInfo = first;
		};
/* End PBXContainerItemProxy section */

/* Begin PBXFileReference section */
		CEF356982CBBE0CA0098C0E3 /* first.app */ = {isa = PBXFileReference; explicitFileType = wrapper.application; includeInIndex = 0; path = first.app; sourceTree = BUILT_PRODUCTS_DIR; };
		CEF3569B2CBBE0CA0098C0E3 /* firstApp.swift */ = {isa = PBXFileReference; lastKnownFileType = sourcecode.swift; path = firstApp.swift; sourceTree = "<group>"; };
		CEF3569D2CBBE0CA0098C0E3 /* ContentView.swift */ = {isa = PBXFileReference; lastKnownFileType = sourcecode.swift; path = ContentView.swift; sourceTree = "<group>"; };
		CEF3569F2CBBE0CD0098C0E3 /* Assetss.xcassets */ = {isa = PBXFileReference; lastKnownFileType = folder.assetcatalog; path = Assetss.xcassets; sourceTree = "<group>"; };
		CEF356A12CBBE0CD0098C0E3 /* first.entitlements */ = {isa = PBXFileReference; lastKnownFileType = text.plist.entitlements; path = first.entitlements; sourceTree = "<group>"; };
		CEF356A32CBBE0CD0098C0E3 /* Preview Assetss.xcassets */ = {isa = PBXFileReference; lastKnownFileType = folder.assetcatalog; path = "Preview Assetss.xcassets"; sourceTree = "<group>"; };
		CEF356A92CBBE0CD0098C0E3 /* firstTests.xctest */ = {isa = PBXFileReference; explicitFileType = wrapper.cfbundle; includeInIndex = 0; path = firstTests.xctest; sourceTree = BUILT_PRODUCTS_DIR; };
		CEF356AD2CBBE0CD0098C0E3 /* firstTests.swift */ = {isa = PBXFileReference; lastKnownFileType = sourcecode.swift; path = firstTests.swift; sourceTree = "<group>"; };
		CEF356B32CBBE0CE0098C0E3 /* firstUITests.xctest */ = {isa = PBXFileReference; explicitFileType = wrapper.cfbundle; includeInIndex = 0; path = firstUITests.xctest; sourceTree = BUILT_PRODUCTS_DIR; };
		CEF356B72CBBE0CE0098C0E3 /* firstUITests.swift */ = {isa = PBXFileReference; lastKnownFileType = sourcecode.swift; path = firstUITests.swift; sourceTree = "<group>"; };
		CEF356B92CBBE0CE0098C0E3 /* firstUITestsLaunchTests.swift */ = {isa = PBXFileReference; lastKnownFileType = sourcecode.swift; path = firstUITestsLaunchTests.swift; sourceTree = "<group>"; };
/* End PBXFileReference section */

/* Begin PBXFrameworksBuildPhase section */
		CEF356952CBBE0C90098C0E3 /* Frameworks */ = {
			isa = PBXFrameworksBuildPhase;
			buildActionMask = 2147483647;
			files = (
			);
			runOnlyForDeploymentPostprocessing = 0;
		};
		CEF356A62CBBE0CD0098C0E3 /* Frameworks */ = {
			isa = PBXFrameworksBuildPhase;
			buildActionMask = 2147483647;
			files = (
			);
			runOnlyForDeploymentPostprocessing = 0;
		};
		CEF356B02CBBE0CE0098C0E3 /* Frameworks */ = {
			isa = PBXFrameworksBuildPhase;
			buildActionMask = 2147483647;
			files = (
			);
			runOnlyForDeploymentPostprocessing = 0;
		};
/* End PBXFrameworksBuildPhase section */

/* Begin PBXGroup section */
		CEF3568F2CBBE0C90098C0E3 = {
			isa = PBXGroup;
			children = (
				CEF3569A2CBBE0CA0098C0E3 /* first */,
				CEF356AC2CBBE0CD0098C0E3 /* firstTests */,
				CEF356B62CBBE0CE0098C0E3 /* firstUITests */,
				CEF356992CBBE0CA0098C0E3 /* Products */,
			);
			sourceTree = "<group>";
		};
		CEF356992CBBE0CA0098C0E3 /* Products */ = {
			isa = PBXGroup;
			children = (
				CEF356982CBBE0CA0098C0E3 /* first.app */,
				CEF356A92CBBE0CD0098C0E3 /* firstTests.xctest */,
				CEF356B32CBBE0CE0098C0E3 /* firstUITests.xctest */,
			);
			name = Products;
			sourceTree = "<group>";
		};
		CEF3569A2CBBE0CA0098C0E3 /* first */ = {
			isa = PBXGroup;
			children = (
				CEF3569B2CBBE0CA0098C0E3 /* firstApp.swift */,
				CEF3569D2CBBE0CA0098C0E3 /* ContentView.swift */,
				CEF3569F2CBBE0CD0098C0E3 /* Assetss.xcassets */,
				CEF356A12CBBE0CD0098C0E3 /* first.entitlements */,
				CEF356A22CBBE0CD0098C0E3 /* Preview Content_ */,
			);
			path = first;
			sourceTree = "<group>";
		};
		CEF356A22CBBE0CD0098C0E3 /* Preview Content_ */ = {
			isa = PBXGroup;
			children = (
				CEF356A32CBBE0CD0098C0E3 /* Preview Assetss.xcassets */,
			);
			path = "Preview Content_";
			sourceTree = "<group>";
		};
		CEF356AC2CBBE0CD0098C0E3 /* firstTests */ = {
			isa = PBXGroup;
			children = (
				CEF356AD2CBBE0CD0098C0E3 /* firstTests.swift */,
			);
			path = firstTests;
			sourceTree = "<group>";
		};
		CEF356B62CBBE0CE0098C0E3 /* firstUITests */ = {
			isa = PBXGroup;
			children = (
				CEF356B72CBBE0CE0098C0E3 /* firstUITests.swift */,
				CEF356B92CBBE0CE0098C0E3 /* firstUITestsLaunchTests.swift */,
			);
			path = firstUITests;
			sourceTree = "<group>";
		};
/* End PBXGroup section */

/* Begin PBXNativeTarget section */
		CEF356972CBBE0C90098C0E3 /* first */ = {
			isa = PBXNativeTarget;
			buildConfigurationList = CEF356BD2CBBE0CE0098C0E3 /* Build configuration list for PBXNativeTarget "first" */;
			buildPhases = (
				CEF356942CBBE0C90098C0E3 /* Sources */,
				CEF356952CBBE0C90098C0E3 /* Frameworks */,
				CEF356962CBBE0C90098C0E3 /* Resources */,
			);
			buildRules = (
			);
			dependencies = (
			);
			name = first;
			productName = first;
			productReference = CEF356982CBBE0CA0098C0E3 /* first.app */;
			productType = "com.apple.product-type.application";
		};
		CEF356A82CBBE0CD0098C0E3 /* firstTests */ = {
			isa = PBXNativeTarget;
			buildConfigurationList = CEF356C02CBBE0CE0098C0E3 /* Build configuration list for PBXNativeTarget "firstTests" */;
			buildPhases = (
				CEF356A52CBBE0CD0098C0E3 /* Sources */,
				CEF356A62CBBE0CD0098C0E3 /* Frameworks */,
				CEF356A72CBBE0CD0098C0E3 /* Resources */,
			);
			buildRules = (
			);
			dependencies = (
				CEF356AB2CBBE0CD0098C0E3 /* PBXTargetDependency */,
			);
			name = firstTests;
			productName = firstTests;
			productReference = CEF356A92CBBE0CD0098C0E3 /* firstTests.xctest */;
			productType = "com.apple.product-type.bundle.unit-test";
		};
		CEF356B22CBBE0CE0098C0E3 /* firstUITests */ = {
			isa = PBXNativeTarget;
			buildConfigurationList = CEF356C32CBBE0CE0098C0E3 /* Build configuration list for PBXNativeTarget "firstUITests" */;
			buildPhases = (
				CEF356AF2CBBE0CE0098C0E3 /* Sources */,
				CEF356B02CBBE0CE0098C0E3 /* Frameworks */,
				CEF356B12CBBE0CE0098C0E3 /* Resources */,
			);
			buildRules = (
			);
			dependencies = (
				CEF356B52CBBE0CE0098C0E3 /* PBXTargetDependency */,
			);
			name = firstUITests;
			productName = firstUITests;
			productReference = CEF356B32CBBE0CE0098C0E3 /* firstUITests.xctest */;
			productType = "com.apple.product-type.bundle.ui-testing";
		};
/* End PBXNativeTarget section */

/* Begin PBXProject section */
		CEF356902CBBE0C90098C0E3 /* Project object */ = {
			isa = PBXProject;
			attributes = {
				BuildIndependentTargetsInParallel = 1;
				LastSwiftUpdateCheck = 1400;
				LastUpgradeCheck = 1400;
				TargetAttributes = {
					CEF356972CBBE0C90098C0E3 = {
						CreatedOnToolsVersion = 14.0;
					};
					CEF356A82CBBE0CD0098C0E3 = {
						CreatedOnToolsVersion = 14.0;
						TestTargetID = CEF356972CBBE0C90098C0E3;
					};
					CEF356B22CBBE0CE0098C0E3 = {
						CreatedOnToolsVersion = 14.0;
						TestTargetID = CEF356972CBBE0C90098C0E3;
					};
				};
			};
			buildConfigurationList = CEF356932CBBE0C90098C0E3 /* Build configuration list for PBXProject "first" */;
			compatibilityVersion = "Xcode 14.0";
			developmentRegion = en;
			hasScannedForEncodings = 0;
			knownRegions = (
				en,
				Base,
			);
			mainGroup = CEF3568F2CBBE0C90098C0E3;
			productRefGroup = CEF356992CBBE0CA0098C0E3 /* Products */;
			projectDirPath = "";
			projectRoot = "";
			targets = (
				CEF356972CBBE0C90098C0E3 /* first */,
				CEF356A82CBBE0CD0098C0E3 /* firstTests */,
				CEF356B22CBBE0CE0098C0E3 /* firstUITests */,
			);
		};
/* End PBXProject section */

/* Begin PBXResourcesBuildPhase section */
		CEF356962CBBE0C90098C0E3 /* Resources */ = {
			isa = PBXResourcesBuildPhase;
			buildActionMask = 2147483647;
			files = (
				CEF356A42CBBE0CD0098C0E3 /* Preview Assetss.xcassets in Resources */,
				CEF356A02CBBE0CD0098C0E3 /* Assetss.xcassets in Resources */,
			);
			runOnlyForDeploymentPostprocessing = 0;
		};
		CEF356A72CBBE0CD0098C0E3 /* Resources */ = {
			isa = PBXResourcesBuildPhase;
			buildActionMask = 2147483647;
			files = (
			);
			runOnlyForDeploymentPostprocessing = 0;
		};
		CEF356B12CBBE0CE0098C0E3 /* Resources */ = {
			isa = PBXResourcesBuildPhase;
			buildActionMask = 2147483647;
			files = (
			);
			runOnlyForDeploymentPostprocessing = 0;
		};
/* End PBXResourcesBuildPhase section */

/* Begin PBXSourcesBuildPhase section */
		CEF356942CBBE0C90098C0E3 /* Sources */ = {
			isa = PBXSourcesBuildPhase;
			buildActionMask = 2147483647;
			files = (
				CEF3569E2CBBE0CA0098C0E3 /* ContentView.swift in Sources */,
				CEF3569C2CBBE0CA0098C0E3 /* firstApp.swift in Sources */,
			);
			runOnlyForDeploymentPostprocessing = 0;
		};
		CEF356A52CBBE0CD0098C0E3 /* Sources */ = {
			isa = PBXSourcesBuildPhase;
			buildActionMask = 2147483647;
			files = (
				CEF356AE2CBBE0CD0098C0E3 /* firstTests.swift in Sources */,
			);
			runOnlyForDeploymentPostprocessing = 0;
		};
		CEF356AF2CBBE0CE0098C0E3 /* Sources */ = {
			isa = PBXSourcesBuildPhase;
			buildActionMask = 2147483647;
			files = (
				CEF356B82CBBE0CE0098C0E3 /* firstUITests.swift in Sources */,
				CEF356BA2CBBE0CE0098C0E3 /* firstUITestsLaunchTests.swift in Sources */,
			);
			runOnlyForDeploymentPostprocessing = 0;
		};
/* End PBXSourcesBuildPhase section */

/* Begin PBXTargetDependency section */
		CEF356AB2CBBE0CD0098C0E3 /* PBXTargetDependency */ = {
			isa = PBXTargetDependency;
			target = CEF356972CBBE0C90098C0E3 /* first */;
			targetProxy = CEF356AA2CBBE0CD0098C0E3 /* PBXContainerItemProxy */;
		};
		CEF356B52CBBE0CE0098C0E3 /* PBXTargetDependency */ = {
			isa = PBXTargetDependency;
			target = CEF356972CBBE0C90098C0E3 /* first */;
			targetProxy = CEF356B42CBBE0CE0098C0E3 /* PBXContainerItemProxy */;
		};
/* End PBXTargetDependency section */

/* Begin XCBuildConfiguration section */
		CEF356BB2CBBE0CE0098C0E3 /* Debug */ = {
			isa = XCBuildConfiguration;
			buildSettings = {
				ALWAYS_SEARCH_USER_PATHS = NO;
				CLANG_ANALYZER_NONNULL = YES;
				CLANG_ANALYZER_NUMBER_OBJECT_CONVERSION = YES_AGGRESSIVE;
				CLANG_CXX_LANGUAGE_STANDARD = "gnu++20";
				CLANG_ENABLE_MODULES = YES;
				CLANG_ENABLE_OBJC_ARC = YES;
				CLANG_ENABLE_OBJC_WEAK = YES;
				CLANG_WARN_BLOCK_CAPTURE_AUTORELEASING = YES;
				CLANG_WARN_BOOL_CONVERSION = YES;
				CLANG_WARN_COMMA = YES;
				CLANG_WARN_CONSTANT_CONVERSION = YES;
				CLANG_WARN_DEPRECATED_OBJC_IMPLEMENTATIONS = YES;
				CLANG_WARN_DIRECT_OBJC_ISA_USAGE = YES_ERROR;
				CLANG_WARN_DOCUMENTATION_COMMENTS = YES;
				CLANG_WARN_EMPTY_BODY = YES;
				CLANG_WARN_ENUM_CONVERSION = YES;
				CLANG_WARN_INFINITE_RECURSION = YES;
				CLANG_WARN_INT_CONVERSION = YES;
				CLANG_WARN_NON_LITERAL_NULL_CONVERSION = YES;
				CLANG_WARN_OBJC_IMPLICIT_RETAIN_SELF = YES;
				CLANG_WARN_OBJC_LITERAL_CONVERSION = YES;
				CLANG_WARN_OBJC_ROOT_CLASS = YES_ERROR;
				CLANG_WARN_QUOTED_INCLUDE_IN_FRAMEWORK_HEADER = YES;
				CLANG_WARN_RANGE_LOOP_ANALYSIS = YES;
				CLANG_WARN_STRICT_PROTOTYPES = YES;
				CLANG_WARN_SUSPICIOUS_MOVE = YES;
				CLANG_WARN_UNGUARDED_AVAILABILITY = YES_AGGRESSIVE;
				CLANG_WARN_UNREACHABLE_CODE = YES;
				CLANG_WARN__DUPLICATE_METHOD_MATCH = YES;
				COPY_PHASE_STRIP = NO;
				DEBUG_INFORMATION_FORMAT = dwarf;
				ENABLE_STRICT_OBJC_MSGSEND = YES;
				ENABLE_TESTABILITY = YES;
				GCC_C_LANGUAGE_STANDARD = gnu11;
				GCC_DYNAMIC_NO_PIC = NO;
				GCC_NO_COMMON_BLOCKS = YES;
				GCC_OPTIMIZATION_LEVEL = 0;
				GCC_PREPROCESSOR_DEFINITIONS = (
					"DEBUG=1",
					"$(inherited)",
				);
				GCC_WARN_64_TO_32_BIT_CONVERSION = YES;
				GCC_WARN_ABOUT_RETURN_TYPE = YES_ERROR;
				GCC_WARN_UNDECLARED_SELECTOR = YES;
				GCC_WARN_UNINITIALIZED_AUTOS = YES_AGGRESSIVE;
				GCC_WARN_UNUSED_FUNCTION = YES;
				GCC_WARN_UNUSED_VARIABLE = YES;
				MTL_ENABLE_DEBUG_INFO = INCLUDE_SOURCE;
				MTL_FAST_MATH = YES;
				ONLY_ACTIVE_ARCH = YES;
				SWIFT_ACTIVE_COMPILATION_CONDITIONS = DEBUG;
				SWIFT_OPTIMIZATION_LEVEL = "-Onone";
			};
			name = Debug;
		};
		CEF356BC2CBBE0CE0098C0E3 /* Release */ = {
			isa = XCBuildConfiguration;
			buildSettings = {
				ALWAYS_SEARCH_USER_PATHS = NO;
				CLANG_ANALYZER_NONNULL = YES;
				CLANG_ANALYZER_NUMBER_OBJECT_CONVERSION = YES_AGGRESSIVE;
				CLANG_CXX_LANGUAGE_STANDARD = "gnu++20";
				CLANG_ENABLE_MODULES = YES;
				CLANG_ENABLE_OBJC_ARC = YES;
				CLANG_ENABLE_OBJC_WEAK = YES;
				CLANG_WARN_BLOCK_CAPTURE_AUTORELEASING = YES;
				CLANG_WARN_BOOL_CONVERSION = YES;
				CLANG_WARN_COMMA = YES;
				CLANG_WARN_CONSTANT_CONVERSION = YES;
				CLANG_WARN_DEPRECATED_OBJC_IMPLEMENTATIONS = YES;
				CLANG_WARN_DIRECT_OBJC_ISA_USAGE = YES_ERROR;
				CLANG_WARN_DOCUMENTATION_COMMENTS = YES;
				CLANG_WARN_EMPTY_BODY = YES;
				CLANG_WARN_ENUM_CONVERSION = YES;
				CLANG_WARN_INFINITE_RECURSION = YES;
				CLANG_WARN_INT_CONVERSION = YES;
				CLANG_WARN_NON_LITERAL_NULL_CONVERSION = YES;
				CLANG_WARN_OBJC_IMPLICIT_RETAIN_SELF = YES;
				CLANG_WARN_OBJC_LITERAL_CONVERSION = YES;
				CLANG_WARN_OBJC_ROOT_CLASS = YES_ERROR;
				CLANG_WARN_QUOTED_INCLUDE_IN_FRAMEWORK_HEADER = YES;
				CLANG_WARN_RANGE_LOOP_ANALYSIS = YES;
				CLANG_WARN_STRICT_PROTOTYPES = YES;
				CLANG_WARN_SUSPICIOUS_MOVE = YES;
				CLANG_WARN_UNGUARDED_AVAILABILITY = YES_AGGRESSIVE;
				CLANG_WARN_UNREACHABLE_CODE = YES;
				CLANG_WARN__DUPLICATE_METHOD_MATCH = YES;
				COPY_PHASE_STRIP = NO;
				DEBUG_INFORMATION_FORMAT = "dwarf-with-dsym";
				ENABLE_NS_ASSERTIONS = NO;
				ENABLE_STRICT_OBJC_MSGSEND = YES;
				GCC_C_LANGUAGE_STANDARD = gnu11;
				GCC_NO_COMMON_BLOCKS = YES;
				GCC_WARN_64_TO_32_BIT_CONVERSION = YES;
				GCC_WARN_ABOUT_RETURN_TYPE = YES_ERROR;
				GCC_WARN_UNDECLARED_SELECTOR = YES;
				GCC_WARN_UNINITIALIZED_AUTOS = YES_AGGRESSIVE;
				GCC_WARN_UNUSED_FUNCTION = YES;
				GCC_WARN_UNUSED_VARIABLE = YES;
				MTL_ENABLE_DEBUG_INFO = NO;
				MTL_FAST_MATH = YES;
				SWIFT_COMPILATION_MODE = wholemodule;
				SWIFT_OPTIMIZATION_LEVEL = "-O";
			};
			name = Release;
		};
		CEF356BE2CBBE0CE0098C0E3 /* Debug */ = {
			isa = XCBuildConfiguration;
			buildSettings = {
				ASSETCATALOG_COMPILER_APPICON_NAME = AppIcon;
				ASSETCATALOG_COMPILER_GLOBAL_ACCENT_COLOR_NAME = AccentColor;
				CODE_SIGN_ENTITLEMENTS = first/first.entitlements;
				CODE_SIGN_STYLE = Automatic;
				CURRENT_PROJECT_VERSION = 1;
				DEVELOPMENT_ASSET_PATHS = "\"first/Preview Content\"";
				DEVELOPMENT_TEAM = 2C6R3MT445;
				ENABLE_HARDENED_RUNTIME = YES;
				ENABLE_PREVIEWS = YES;
				GENERATE_INFOPLIST_FILE = YES;
				"INFOPLIST_KEY_UIApplicationSceneManifest_Generation[sdk=iphoneos*]" = YES;
				"INFOPLIST_KEY_UIApplicationSceneManifest_Generation[sdk=iphonesimulator*]" = YES;
				"INFOPLIST_KEY_UIApplicationSupportsIndirectInputEvents[sdk=iphoneos*]" = YES;
				"INFOPLIST_KEY_UIApplicationSupportsIndirectInputEvents[sdk=iphonesimulator*]" = YES;
				"INFOPLIST_KEY_UILaunchScreen_Generation[sdk=iphoneos*]" = YES;
				"INFOPLIST_KEY_UILaunchScreen_Generation[sdk=iphonesimulator*]" = YES;
				"INFOPLIST_KEY_UIStatusBarStyle[sdk=iphoneos*]" = UIStatusBarStyleDefault;
				"INFOPLIST_KEY_UIStatusBarStyle[sdk=iphonesimulator*]" = UIStatusBarStyleDefault;
				INFOPLIST_KEY_UISupportedInterfaceOrientations_iPad = "UIInterfaceOrientationPortrait UIInterfaceOrientationPortraitUpsideDown UIInterfaceOrientationLandscapeLeft UIInterfaceOrientationLandscapeRight";
				INFOPLIST_KEY_UISupportedInterfaceOrientations_iPhone = "UIInterfaceOrientationPortrait UIInterfaceOrientationLandscapeLeft UIInterfaceOrientationLandscapeRight";
				IPHONEOS_DEPLOYMENT_TARGET = 16.0;
				LD_RUNPATH_SEARCH_PATHS = "@executable_path/Frameworks";
				"LD_RUNPATH_SEARCH_PATHS[sdk=macosx*]" = "@executable_path/../Frameworks";
				MACOSX_DEPLOYMENT_TARGET = 12.3;
				MARKETING_VERSION = 1.0;
				PRODUCT_BUNDLE_IDENTIFIER = zxc.first;
				PRODUCT_NAME = "$(TARGET_NAME)";
				SDKROOT = auto;
				SUPPORTED_PLATFORMS = "iphoneos iphonesimulator macosx";
				SWIFT_EMIT_LOC_STRINGS = YES;
				SWIFT_VERSION = 5.0;
				TARGETED_DEVICE_FAMILY = "1,2";
			};
			name = Debug;
		};
		CEF356BF2CBBE0CE0098C0E3 /* Release */ = {
			isa = XCBuildConfiguration;
			buildSettings = {
				ASSETCATALOG_COMPILER_APPICON_NAME = AppIcon;
				ASSETCATALOG_COMPILER_GLOBAL_ACCENT_COLOR_NAME = AccentColor;
				CODE_SIGN_ENTITLEMENTS = first/first.entitlements;
				CODE_SIGN_STYLE = Automatic;
				CURRENT_PROJECT_VERSION = 1;
				DEVELOPMENT_ASSET_PATHS = "\"first/Preview Content\"";
				DEVELOPMENT_TEAM = 2C6R3MT445;
				ENABLE_HARDENED_RUNTIME = YES;
				ENABLE_PREVIEWS = YES;
				GENERATE_INFOPLIST_FILE = YES;
				"INFOPLIST_KEY_UIApplicationSceneManifest_Generation[sdk=iphoneos*]" = YES;
				"INFOPLIST_KEY_UIApplicationSceneManifest_Generation[sdk=iphonesimulator*]" = YES;
				"INFOPLIST_KEY_UIApplicationSupportsIndirectInputEvents[sdk=iphoneos*]" = YES;
				"INFOPLIST_KEY_UIApplicationSupportsIndirectInputEvents[sdk=iphonesimulator*]" = YES;
				"INFOPLIST_KEY_UILaunchScreen_Generation[sdk=iphoneos*]" = YES;
				"INFOPLIST_KEY_UILaunchScreen_Generation[sdk=iphonesimulator*]" = YES;
				"INFOPLIST_KEY_UIStatusBarStyle[sdk=iphoneos*]" = UIStatusBarStyleDefault;
				"INFOPLIST_KEY_UIStatusBarStyle[sdk=iphonesimulator*]" = UIStatusBarStyleDefault;
				INFOPLIST_KEY_UISupportedInterfaceOrientations_iPad = "UIInterfaceOrientationPortrait UIInterfaceOrientationPortraitUpsideDown UIInterfaceOrientationLandscapeLeft UIInterfaceOrientationLandscapeRight";
				INFOPLIST_KEY_UISupportedInterfaceOrientations_iPhone = "UIInterfaceOrientationPortrait UIInterfaceOrientationLandscapeLeft UIInterfaceOrientationLandscapeRight";
				IPHONEOS_DEPLOYMENT_TARGET = 16.0;
				LD_RUNPATH_SEARCH_PATHS = "@executable_path/Frameworks";
				"LD_RUNPATH_SEARCH_PATHS[sdk=macosx*]" = "@executable_path/../Frameworks";
				MACOSX_DEPLOYMENT_TARGET = 12.3;
				MARKETING_VERSION = 1.0;
				PRODUCT_BUNDLE_IDENTIFIER = zxc.first;
				PRODUCT_NAME = "$(TARGET_NAME)";
				SDKROOT = auto;
				SUPPORTED_PLATFORMS = "iphoneos iphonesimulator macosx";
				SWIFT_EMIT_LOC_STRINGS = YES;
				SWIFT_VERSION = 5.0;
				TARGETED_DEVICE_FAMILY = "1,2";
			};
			name = Release;
		};
		CEF356C12CBBE0CE0098C0E3 /* Debug */ = {
			isa = XCBuildConfiguration;
			buildSettings = {
				ALWAYS_EMBED_SWIFT_STANDARD_LIBRARIES = YES;
				BUNDLE_LOADER = "$(TEST_HOST)";
				CODE_SIGN_STYLE = Automatic;
				CURRENT_PROJECT_VERSION = 1;
				DEVELOPMENT_TEAM = 2C6R3MT445;
				GENERATE_INFOPLIST_FILE = YES;
				IPHONEOS_DEPLOYMENT_TARGET = 16.0;
				MACOSX_DEPLOYMENT_TARGET = 12.3;
				MARKETING_VERSION = 1.0;
				PRODUCT_BUNDLE_IDENTIFIER = zxc.firstTests;
				PRODUCT_NAME = "$(TARGET_NAME)";
				SDKROOT = auto;
				SUPPORTED_PLATFORMS = "iphoneos iphonesimulator macosx";
				SWIFT_EMIT_LOC_STRINGS = NO;
				SWIFT_VERSION = 5.0;
				TARGETED_DEVICE_FAMILY = "1,2";
				TEST_HOST = "$(BUILT_PRODUCTS_DIR)/first.app/$(BUNDLE_EXECUTABLE_FOLDER_PATH)/first";
			};
			name = Debug;
		};
		CEF356C22CBBE0CE0098C0E3 /* Release */ = {
			isa = XCBuildConfiguration;
			buildSettings = {
				ALWAYS_EMBED_SWIFT_STANDARD_LIBRARIES = YES;
				BUNDLE_LOADER = "$(TEST_HOST)";
				CODE_SIGN_STYLE = Automatic;
				CURRENT_PROJECT_VERSION = 1;
				DEVELOPMENT_TEAM = 2C6R3MT445;
				GENERATE_INFOPLIST_FILE = YES;
				IPHONEOS_DEPLOYMENT_TARGET = 16.0;
				MACOSX_DEPLOYMENT_TARGET = 12.3;
				MARKETING_VERSION = 1.0;
				PRODUCT_BUNDLE_IDENTIFIER = zxc.firstTests;
				PRODUCT_NAME = "$(TARGET_NAME)";
				SDKROOT = auto;
				SUPPORTED_PLATFORMS = "iphoneos iphonesimulator macosx";
				SWIFT_EMIT_LOC_STRINGS = NO;
				SWIFT_VERSION = 5.0;
				TARGETED_DEVICE_FAMILY = "1,2";
				TEST_HOST = "$(BUILT_PRODUCTS_DIR)/first.app/$(BUNDLE_EXECUTABLE_FOLDER_PATH)/first";
			};
			name = Release;
		};
		CEF356C42CBBE0CE0098C0E3 /* Debug */ = {
			isa = XCBuildConfiguration;
			buildSettings = {
				ALWAYS_EMBED_SWIFT_STANDARD_LIBRARIES = YES;
				CODE_SIGN_STYLE = Automatic;
				CURRENT_PROJECT_VERSION = 1;
				DEVELOPMENT_TEAM = 2C6R3MT445;
				GENERATE_INFOPLIST_FILE = YES;
				IPHONEOS_DEPLOYMENT_TARGET = 16.0;
				MACOSX_DEPLOYMENT_TARGET = 12.3;
				MARKETING_VERSION = 1.0;
				PRODUCT_BUNDLE_IDENTIFIER = zxc.firstUITests;
				PRODUCT_NAME = "$(TARGET_NAME)";
				SDKROOT = auto;
				SUPPORTED_PLATFORMS = "iphoneos iphonesimulator macosx";
				SWIFT_EMIT_LOC_STRINGS = NO;
				SWIFT_VERSION = 5.0;
				TARGETED_DEVICE_FAMILY = "1,2";
				TEST_TARGET_NAME = first;
			};
			name = Debug;
		};
		CEF356C52CBBE0CE0098C0E3 /* Release */ = {
			isa = XCBuildConfiguration;
			buildSettings = {
				ALWAYS_EMBED_SWIFT_STANDARD_LIBRARIES = YES;
				CODE_SIGN_STYLE = Automatic;
				CURRENT_PROJECT_VERSION = 1;
				DEVELOPMENT_TEAM = 2C6R3MT445;
				GENERATE_INFOPLIST_FILE = YES;
				IPHONEOS_DEPLOYMENT_TARGET = 16.0;
				MACOSX_DEPLOYMENT_TARGET = 12.3;
				MARKETING_VERSION = 1.0;
				PRODUCT_BUNDLE_IDENTIFIER = zxc.firstUITests;
				PRODUCT_NAME = "$(TARGET_NAME)";
				SDKROOT = auto;
				SUPPORTED_PLATFORMS = "iphoneos iphonesimulator macosx";
				SWIFT_EMIT_LOC_STRINGS = NO;
				SWIFT_VERSION = 5.0;
				TARGETED_DEVICE_FAMILY = "1,2";
				TEST_TARGET_NAME = first;
			};
			name = Release;
		};
/* End XCBuildConfiguration section */

/* Begin XCConfigurationList section */
		CEF356932CBBE0C90098C0E3 /* Build configuration list for PBXProject "first" */ = {
			isa = XCConfigurationList;
			buildConfigurations = (
				CEF356BB2CBBE0CE0098C0E3 /* Debug */,
				CEF356BC2CBBE0CE0098C0E3 /* Release */,
			);
			defaultConfigurationIsVisible = 0;
			defaultConfigurationName = Release;
		};
		CEF356BD2CBBE0CE0098C0E3 /* Build configuration list for PBXNativeTarget "first" */ = {
			isa = XCConfigurationList;
			buildConfigurations = (
				CEF356BE2CBBE0CE0098C0E3 /* Debug */,
				CEF356BF2CBBE0CE0098C0E3 /* Release */,
			);
			defaultConfigurationIsVisible = 0;
			defaultConfigurationName = Release;
		};
		CEF356C02CBBE0CE0098C0E3 /* Build configuration list for PBXNativeTarget "firstTests" */ = {
			isa = XCConfigurationList;
			buildConfigurations = (
				CEF356C12CBBE0CE0098C0E3 /* Debug */,
				CEF356C22CBBE0CE0098C0E3 /* Release */,
			);
			defaultConfigurationIsVisible = 0;
			defaultConfigurationName = Release;
		};
		CEF356C32CBBE0CE0098C0E3 /* Build configuration list for PBXNativeTarget "firstUITests" */ = {
			isa = XCConfigurationList;
			buildConfigurations = (
				CEF356C42CBBE0CE0098C0E3 /* Debug */,
				CEF356C52CBBE0CE0098C0E3 /* Release */,
			);
			defaultConfigurationIsVisible = 0;
			defaultConfigurationName = Release;
		};
/* End XCConfigurationList section */
	};
	rootObject = CEF356902CBBE0C90098C0E3 /* Project object */;
}
